
Microsoft Visual Studio Solution File, Format Version 12.00
# Visual Studio Version 17
VisualStudioVersion = 17.12.35527.113
MinimumVisualStudioVersion = 10.0.40219.1
Project("{2150E333-8FDC-42A3-9474-1A3956D46DE8}") = "Bootstrapper", "Bootstrapper", "{2C7E4EC8-B11F-4425-A2B9-C21141AD1829}"
EndProject
Project("{2150E333-8FDC-42A3-9474-1A3956D46DE8}") = "Modules", "Modules", "{5F19989F-B67F-475B-B3F2-93C9E7F50460}"
EndProject
Project("{2150E333-8FDC-42A3-9474-1A3956D46DE8}") = "Shared", "Shared", "{59AA748A-AD98-4F90-A15D-2BD30123CE8D}"
EndProject
Project("{FAE04EC0-301F-11D3-BF4B-00C04F79EFBC}") = "Api", "Bootstrapper\Api\Api.csproj", "{B4B2A376-E9CE-4F70-ABB4-B7C697571CCA}"
EndProject
Global
	GlobalSection(SolutionConfigurationPlatforms) = preSolution
		Debug|Any CPU = Debug|Any CPU
		Release|Any CPU = Release|Any CPU
	EndGlobalSection
	GlobalSection(ProjectConfigurationPlatforms) = postSolution
		{B4B2A376-E9CE-4F70-ABB4-B7C697571CCA}.Debug|Any CPU.ActiveCfg = Debug|Any CPU
		{B4B2A376-E9CE-4F70-ABB4-B7C697571CCA}.Debug|Any CPU.Build.0 = Debug|Any CPU
		{B4B2A376-E9CE-4F70-ABB4-B7C697571CCA}.Release|Any CPU.ActiveCfg = Release|Any CPU
		{B4B2A376-E9CE-4F70-ABB4-B7C697571CCA}.Release|Any CPU.Build.0 = Release|Any CPU
	EndGlobalSection
	GlobalSection(SolutionProperties) = preSolution
		HideSolutionNode = FALSE
	EndGlobalSection
	GlobalSection(NestedProjects) = preSolution
		{B4B2A376-E9CE-4F70-ABB4-B7C697571CCA} = {2C7E4EC8-B11F-4425-A2B9-C21141AD1829}
	EndGlobalSection
EndGlobal
